{
  "version": 4,
  "terraform_version": "1.4.6",
  "serial": 236,
  "lineage": "65de8163-3e64-fb32-a61d-03a2e128d631",
  "outputs": {
    "resource_group_name": {
      "value": "kpmg-rg",
      "type": "string"
    }
  },
  "resources": [
    {
      "mode": "managed",
      "type": "azurerm_lb",
      "name": "app_lb",
      "provider": "provider[\"registry.terraform.io/hashicorp/azurerm\"]",
      "instances": [
        {
          "schema_version": 0,
          "attributes": {
            "frontend_ip_configuration": [
              {
                "availability_zone": "No-Zone",
                "id": "/subscriptions/dec122eb-e45f-48a6-b626-342e4ef2d975/resourceGroups/kpmg-rg/providers/Microsoft.Network/loadBalancers/app-lb/frontendIPConfigurations/PublicIPAddress-app",
                "inbound_nat_rules": [],
                "load_balancer_rules": [],
                "name": "PublicIPAddress-app",
                "outbound_rules": [],
                "private_ip_address": "",
                "private_ip_address_allocation": "Dynamic",
                "private_ip_address_version": "",
                "public_ip_address_id": "/subscriptions/dec122eb-e45f-48a6-b626-342e4ef2d975/resourceGroups/kpmg-rg/providers/Microsoft.Network/publicIPAddresses/applbpublicip",
                "public_ip_prefix_id": "",
                "subnet_id": "",
                "zones": []
              }
            ],
            "id": "/subscriptions/dec122eb-e45f-48a6-b626-342e4ef2d975/resourceGroups/kpmg-rg/providers/Microsoft.Network/loadBalancers/app-lb",
            "location": "eastus",
            "name": "app-lb",
            "private_ip_address": "",
            "private_ip_addresses": [],
            "resource_group_name": "kpmg-rg",
            "sku": "Standard",
            "tags": null,
            "timeouts": null
          },
          "sensitive_attributes": [],
          "private": "eyJlMmJmYjczMC1lY2FhLTExZTYtOGY4OC0zNDM2M2JjN2M0YzAiOnsiY3JlYXRlIjoxODAwMDAwMDAwMDAwLCJkZWxldGUiOjE4MDAwMDAwMDAwMDAsInJlYWQiOjMwMDAwMDAwMDAwMCwidXBkYXRlIjoxODAwMDAwMDAwMDAwfX0=",
          "dependencies": [
            "azurerm_public_ip.app_lb_public_ip",
            "azurerm_resource_group.rg"
          ]
        }
      ]
    },
    {
      "mode": "managed",
      "type": "azurerm_lb",
      "name": "web_lb",
      "provider": "provider[\"registry.terraform.io/hashicorp/azurerm\"]",
      "instances": [
        {
          "schema_version": 0,
          "attributes": {
            "frontend_ip_configuration": [
              {
                "availability_zone": "No-Zone",
                "id": "/subscriptions/dec122eb-e45f-48a6-b626-342e4ef2d975/resourceGroups/kpmg-rg/providers/Microsoft.Network/loadBalancers/web-lb/frontendIPConfigurations/PublicIPAddress-web",
                "inbound_nat_rules": [],
                "load_balancer_rules": [],
                "name": "PublicIPAddress-web",
                "outbound_rules": [],
                "private_ip_address": "",
                "private_ip_address_allocation": "Dynamic",
                "private_ip_address_version": "",
                "public_ip_address_id": "/subscriptions/dec122eb-e45f-48a6-b626-342e4ef2d975/resourceGroups/kpmg-rg/providers/Microsoft.Network/publicIPAddresses/weblbpublicip",
                "public_ip_prefix_id": "",
                "subnet_id": "",
                "zones": []
              }
            ],
            "id": "/subscriptions/dec122eb-e45f-48a6-b626-342e4ef2d975/resourceGroups/kpmg-rg/providers/Microsoft.Network/loadBalancers/web-lb",
            "location": "eastus",
            "name": "web-lb",
            "private_ip_address": "",
            "private_ip_addresses": [],
            "resource_group_name": "kpmg-rg",
            "sku": "Standard",
            "tags": null,
            "timeouts": null
          },
          "sensitive_attributes": [],
          "private": "eyJlMmJmYjczMC1lY2FhLTExZTYtOGY4OC0zNDM2M2JjN2M0YzAiOnsiY3JlYXRlIjoxODAwMDAwMDAwMDAwLCJkZWxldGUiOjE4MDAwMDAwMDAwMDAsInJlYWQiOjMwMDAwMDAwMDAwMCwidXBkYXRlIjoxODAwMDAwMDAwMDAwfX0=",
          "dependencies": [
            "azurerm_public_ip.web_lb_public_ip",
            "azurerm_resource_group.rg"
          ]
        }
      ]
    },
    {
      "mode": "managed",
      "type": "azurerm_lb_backend_address_pool",
      "name": "web_backend_pool",
      "provider": "provider[\"registry.terraform.io/hashicorp/azurerm\"]",
      "instances": [
        {
          "schema_version": 0,
          "attributes": {
            "backend_address": [],
            "backend_ip_configurations": [],
            "id": "/subscriptions/dec122eb-e45f-48a6-b626-342e4ef2d975/resourceGroups/kpmg-rg/providers/Microsoft.Network/loadBalancers/web-lb/backendAddressPools/web-backend-pool",
            "load_balancing_rules": [],
            "loadbalancer_id": "/subscriptions/dec122eb-e45f-48a6-b626-342e4ef2d975/resourceGroups/kpmg-rg/providers/Microsoft.Network/loadBalancers/web-lb",
            "name": "web-backend-pool",
            "outbound_rules": [],
            "resource_group_name": "kpmg-rg",
            "timeouts": null
          },
          "sensitive_attributes": [],
          "private": "eyJlMmJmYjczMC1lY2FhLTExZTYtOGY4OC0zNDM2M2JjN2M0YzAiOnsiY3JlYXRlIjoxODAwMDAwMDAwMDAwLCJkZWxldGUiOjE4MDAwMDAwMDAwMDAsInJlYWQiOjMwMDAwMDAwMDAwMCwidXBkYXRlIjoxODAwMDAwMDAwMDAwfX0=",
          "dependencies": [
            "azurerm_lb.web_lb",
            "azurerm_public_ip.web_lb_public_ip",
            "azurerm_resource_group.rg"
          ]
        }
      ]
    },
    {
      "mode": "managed",
      "type": "azurerm_mssql_server",
      "name": "database_server",
      "provider": "provider[\"registry.terraform.io/hashicorp/azurerm\"]",
      "instances": [
        {
          "schema_version": 0,
          "attributes": {
            "administrator_login": "adminuser",
            "administrator_login_password": "kpmg32!demo",
            "azuread_administrator": [],
            "connection_policy": "Default",
            "extended_auditing_policy": [],
            "fully_qualified_domain_name": "database-server-kpmg.database.windows.net",
            "id": "/subscriptions/dec122eb-e45f-48a6-b626-342e4ef2d975/resourceGroups/kpmg-rg/providers/Microsoft.Sql/servers/database-server-kpmg",
            "identity": [],
            "location": "eastus",
            "minimum_tls_version": "None",
            "name": "database-server-kpmg",
            "public_network_access_enabled": true,
            "resource_group_name": "kpmg-rg",
            "restorable_dropped_database_ids": [],
            "tags": null,
            "timeouts": null,
            "version": "12.0"
          },
          "sensitive_attributes": [],
          "private": "eyJlMmJmYjczMC1lY2FhLTExZTYtOGY4OC0zNDM2M2JjN2M0YzAiOnsiY3JlYXRlIjozNjAwMDAwMDAwMDAwLCJkZWxldGUiOjM2MDAwMDAwMDAwMDAsInJlYWQiOjMwMDAwMDAwMDAwMCwidXBkYXRlIjozNjAwMDAwMDAwMDAwfX0=",
          "dependencies": [
            "azurerm_resource_group.rg"
          ]
        }
      ]
    },
    {
      "mode": "managed",
      "type": "azurerm_network_interface",
      "name": "app_nic",
      "provider": "provider[\"registry.terraform.io/hashicorp/azurerm\"]",
      "instances": [
        {
          "schema_version": 0,
          "attributes": {
            "applied_dns_servers": [],
            "dns_servers": [],
            "enable_accelerated_networking": false,
            "enable_ip_forwarding": false,
            "id": "/subscriptions/dec122eb-e45f-48a6-b626-342e4ef2d975/resourceGroups/kpmg-rg/providers/Microsoft.Network/networkInterfaces/app-nic",
            "internal_dns_name_label": "",
            "internal_domain_name_suffix": "q2gilmgfzytuzonuyos5saf1da.bx.internal.cloudapp.net",
            "ip_configuration": [
              {
                "name": "internal",
                "primary": true,
                "private_ip_address": "10.0.2.4",
                "private_ip_address_allocation": "Dynamic",
                "private_ip_address_version": "IPv4",
                "public_ip_address_id": "",
                "subnet_id": "/subscriptions/dec122eb-e45f-48a6-b626-342e4ef2d975/resourceGroups/kpmg-rg/providers/Microsoft.Network/virtualNetworks/kpmg-virtual-network/subnets/app-subnet"
              }
            ],
            "location": "eastus",
            "mac_address": "",
            "name": "app-nic",
            "private_ip_address": "10.0.2.4",
            "private_ip_addresses": [
              "10.0.2.4"
            ],
            "resource_group_name": "kpmg-rg",
            "tags": null,
            "timeouts": null,
            "virtual_machine_id": ""
          },
          "sensitive_attributes": [],
          "private": "eyJlMmJmYjczMC1lY2FhLTExZTYtOGY4OC0zNDM2M2JjN2M0YzAiOnsiY3JlYXRlIjoxODAwMDAwMDAwMDAwLCJkZWxldGUiOjE4MDAwMDAwMDAwMDAsInJlYWQiOjMwMDAwMDAwMDAwMCwidXBkYXRlIjoxODAwMDAwMDAwMDAwfX0=",
          "dependencies": [
            "azurerm_resource_group.rg",
            "azurerm_subnet.app_subnet",
            "azurerm_virtual_network.vnet"
          ]
        }
      ]
    },
    {
      "mode": "managed",
      "type": "azurerm_network_interface",
      "name": "web_nic",
      "provider": "provider[\"registry.terraform.io/hashicorp/azurerm\"]",
      "instances": [
        {
          "schema_version": 0,
          "attributes": {
            "applied_dns_servers": [],
            "dns_servers": [],
            "enable_accelerated_networking": false,
            "enable_ip_forwarding": false,
            "id": "/subscriptions/dec122eb-e45f-48a6-b626-342e4ef2d975/resourceGroups/kpmg-rg/providers/Microsoft.Network/networkInterfaces/web-nic",
            "internal_dns_name_label": "",
            "internal_domain_name_suffix": "q2gilmgfzytuzonuyos5saf1da.bx.internal.cloudapp.net",
            "ip_configuration": [
              {
                "name": "internal",
                "primary": true,
                "private_ip_address": "10.0.6.4",
                "private_ip_address_allocation": "Dynamic",
                "private_ip_address_version": "IPv4",
                "public_ip_address_id": "",
                "subnet_id": "/subscriptions/dec122eb-e45f-48a6-b626-342e4ef2d975/resourceGroups/kpmg-rg/providers/Microsoft.Network/virtualNetworks/kpmg-virtual-network/subnets/web-subnet"
              }
            ],
            "location": "eastus",
            "mac_address": "",
            "name": "web-nic",
            "private_ip_address": "10.0.6.4",
            "private_ip_addresses": [
              "10.0.6.4"
            ],
            "resource_group_name": "kpmg-rg",
            "tags": null,
            "timeouts": null,
            "virtual_machine_id": ""
          },
          "sensitive_attributes": [],
          "private": "eyJlMmJmYjczMC1lY2FhLTExZTYtOGY4OC0zNDM2M2JjN2M0YzAiOnsiY3JlYXRlIjoxODAwMDAwMDAwMDAwLCJkZWxldGUiOjE4MDAwMDAwMDAwMDAsInJlYWQiOjMwMDAwMDAwMDAwMCwidXBkYXRlIjoxODAwMDAwMDAwMDAwfX0=",
          "dependencies": [
            "azurerm_resource_group.rg",
            "azurerm_subnet.web_subnet",
            "azurerm_virtual_network.vnet"
          ]
        }
      ]
    },
    {
      "mode": "managed",
      "type": "azurerm_public_ip",
      "name": "app_lb_public_ip",
      "provider": "provider[\"registry.terraform.io/hashicorp/azurerm\"]",
      "instances": [
        {
          "schema_version": 0,
          "attributes": {
            "allocation_method": "Static",
            "availability_zone": "Zone-Redundant",
            "domain_name_label": null,
            "fqdn": null,
            "id": "/subscriptions/dec122eb-e45f-48a6-b626-342e4ef2d975/resourceGroups/kpmg-rg/providers/Microsoft.Network/publicIPAddresses/applbpublicip",
            "idle_timeout_in_minutes": 4,
            "ip_address": "52.190.35.104",
            "ip_tags": null,
            "ip_version": "IPv4",
            "location": "eastus",
            "name": "applbpublicip",
            "public_ip_prefix_id": null,
            "resource_group_name": "kpmg-rg",
            "reverse_fqdn": null,
            "sku": "Standard",
            "sku_tier": "Regional",
            "tags": null,
            "timeouts": null,
            "zones": []
          },
          "sensitive_attributes": [],
          "private": "eyJlMmJmYjczMC1lY2FhLTExZTYtOGY4OC0zNDM2M2JjN2M0YzAiOnsiY3JlYXRlIjoxODAwMDAwMDAwMDAwLCJkZWxldGUiOjE4MDAwMDAwMDAwMDAsInJlYWQiOjMwMDAwMDAwMDAwMCwidXBkYXRlIjoxODAwMDAwMDAwMDAwfX0=",
          "dependencies": [
            "azurerm_resource_group.rg"
          ]
        }
      ]
    },
    {
      "mode": "managed",
      "type": "azurerm_public_ip",
      "name": "web_lb_public_ip",
      "provider": "provider[\"registry.terraform.io/hashicorp/azurerm\"]",
      "instances": [
        {
          "schema_version": 0,
          "attributes": {
            "allocation_method": "Static",
            "availability_zone": "Zone-Redundant",
            "domain_name_label": null,
            "fqdn": null,
            "id": "/subscriptions/dec122eb-e45f-48a6-b626-342e4ef2d975/resourceGroups/kpmg-rg/providers/Microsoft.Network/publicIPAddresses/weblbpublicip",
            "idle_timeout_in_minutes": 4,
            "ip_address": "52.190.35.94",
            "ip_tags": null,
            "ip_version": "IPv4",
            "location": "eastus",
            "name": "weblbpublicip",
            "public_ip_prefix_id": null,
            "resource_group_name": "kpmg-rg",
            "reverse_fqdn": null,
            "sku": "Standard",
            "sku_tier": "Regional",
            "tags": null,
            "timeouts": null,
            "zones": []
          },
          "sensitive_attributes": [],
          "private": "eyJlMmJmYjczMC1lY2FhLTExZTYtOGY4OC0zNDM2M2JjN2M0YzAiOnsiY3JlYXRlIjoxODAwMDAwMDAwMDAwLCJkZWxldGUiOjE4MDAwMDAwMDAwMDAsInJlYWQiOjMwMDAwMDAwMDAwMCwidXBkYXRlIjoxODAwMDAwMDAwMDAwfX0=",
          "dependencies": [
            "azurerm_resource_group.rg"
          ]
        }
      ]
    },
    {
      "mode": "managed",
      "type": "azurerm_resource_group",
      "name": "rg",
      "provider": "provider[\"registry.terraform.io/hashicorp/azurerm\"]",
      "instances": [
        {
          "schema_version": 0,
          "attributes": {
            "id": "/subscriptions/dec122eb-e45f-48a6-b626-342e4ef2d975/resourceGroups/kpmg-rg",
            "location": "eastus",
            "name": "kpmg-rg",
            "tags": null,
            "timeouts": null
          },
          "sensitive_attributes": [],
          "private": "eyJlMmJmYjczMC1lY2FhLTExZTYtOGY4OC0zNDM2M2JjN2M0YzAiOnsiY3JlYXRlIjo1NDAwMDAwMDAwMDAwLCJkZWxldGUiOjU0MDAwMDAwMDAwMDAsInJlYWQiOjMwMDAwMDAwMDAwMCwidXBkYXRlIjo1NDAwMDAwMDAwMDAwfX0="
        }
      ]
    },
    {
      "mode": "managed",
      "type": "azurerm_sql_database",
      "name": "database",
      "provider": "provider[\"registry.terraform.io/hashicorp/azurerm\"]",
      "instances": [
        {
          "schema_version": 0,
          "attributes": {
            "collation": "SQL_Latin1_General_CP1_CI_AS",
            "create_mode": "Default",
            "creation_date": "2023-07-08T13:19:13.663Z",
            "default_secondary_location": "West US",
            "edition": "Basic",
            "elastic_pool_name": "",
            "encryption": "",
            "extended_auditing_policy": [],
            "id": "/subscriptions/dec122eb-e45f-48a6-b626-342e4ef2d975/resourceGroups/kpmg-rg/providers/Microsoft.Sql/servers/database-server-kpmg/databases/kpmgvm-db",
            "import": [],
            "location": "eastus",
            "max_size_bytes": "2147483648",
            "max_size_gb": null,
            "name": "kpmgvm-db",
            "read_scale": false,
            "requested_service_objective_id": "dd6d99bb-f193-4ec1-86f2-43d3bccbc49c",
            "requested_service_objective_name": "Basic",
            "resource_group_name": "kpmg-rg",
            "restore_point_in_time": null,
            "server_name": "database-server-kpmg",
            "source_database_deletion_date": null,
            "source_database_id": null,
            "tags": null,
            "threat_detection_policy": [
              {
                "disabled_alerts": [],
                "email_account_admins": "Disabled",
                "email_addresses": [],
                "retention_days": 0,
                "state": "Disabled",
                "storage_account_access_key": "",
                "storage_endpoint": "",
                "use_server_default": "Disabled"
              }
            ],
            "timeouts": null,
            "zone_redundant": false
          },
          "sensitive_attributes": [],
          "private": "eyJlMmJmYjczMC1lY2FhLTExZTYtOGY4OC0zNDM2M2JjN2M0YzAiOnsiY3JlYXRlIjozNjAwMDAwMDAwMDAwLCJkZWxldGUiOjM2MDAwMDAwMDAwMDAsInJlYWQiOjMwMDAwMDAwMDAwMCwidXBkYXRlIjozNjAwMDAwMDAwMDAwfX0=",
          "dependencies": [
            "azurerm_mssql_server.database_server",
            "azurerm_resource_group.rg"
          ]
        }
      ]
    },
    {
      "mode": "managed",
      "type": "azurerm_storage_account",
      "name": "storageaccount",
      "provider": "provider[\"registry.terraform.io/hashicorp/azurerm\"]",
      "instances": [
        {
          "schema_version": 2,
          "attributes": {
            "access_tier": "Hot",
            "account_kind": "StorageV2",
            "account_replication_type": "GRS",
            "account_tier": "Standard",
            "allow_blob_public_access": false,
            "azure_files_authentication": [],
            "blob_properties": [
              {
                "change_feed_enabled": false,
                "container_delete_retention_policy": [],
                "cors_rule": [],
                "default_service_version": "",
                "delete_retention_policy": [],
                "last_access_time_enabled": false,
                "versioning_enabled": false
              }
            ],
            "custom_domain": [],
            "enable_https_traffic_only": true,
            "id": "/subscriptions/dec122eb-e45f-48a6-b626-342e4ef2d975/resourceGroups/kpmg-rg/providers/Microsoft.Storage/storageAccounts/kpmgstgaccount23",
            "identity": [],
            "is_hns_enabled": false,
            "large_file_share_enabled": null,
            "location": "eastus",
            "min_tls_version": "TLS1_0",
            "name": "kpmgstgaccount23",
            "network_rules": [
              {
                "bypass": [
                  "AzureServices"
                ],
                "default_action": "Deny",
                "ip_rules": [],
                "private_link_access": [],
                "virtual_network_subnet_ids": [
                  "/subscriptions/dec122eb-e45f-48a6-b626-342e4ef2d975/resourceGroups/kpmg-rg/providers/Microsoft.Network/virtualNetworks/kpmg-virtual-network/subnets/app-subnet"
                ]
              }
            ],
            "nfsv3_enabled": false,
            "primary_access_key": "6eUYa0n465drkvk3mpTfBFaz66fvQE7pf/MDH5DxO7YQbycBJAkGORdIT5+AB3IFbNizX/lsjUY7+AStWuoQWw==",
            "primary_blob_connection_string": "DefaultEndpointsProtocol=https;BlobEndpoint=https://kpmgstgaccount23.blob.core.windows.net/;AccountName=kpmgstgaccount23;AccountKey=6eUYa0n465drkvk3mpTfBFaz66fvQE7pf/MDH5DxO7YQbycBJAkGORdIT5+AB3IFbNizX/lsjUY7+AStWuoQWw==",
            "primary_blob_endpoint": "https://kpmgstgaccount23.blob.core.windows.net/",
            "primary_blob_host": "kpmgstgaccount23.blob.core.windows.net",
            "primary_connection_string": "DefaultEndpointsProtocol=https;AccountName=kpmgstgaccount23;AccountKey=6eUYa0n465drkvk3mpTfBFaz66fvQE7pf/MDH5DxO7YQbycBJAkGORdIT5+AB3IFbNizX/lsjUY7+AStWuoQWw==;EndpointSuffix=core.windows.net",
            "primary_dfs_endpoint": "https://kpmgstgaccount23.dfs.core.windows.net/",
            "primary_dfs_host": "kpmgstgaccount23.dfs.core.windows.net",
            "primary_file_endpoint": "https://kpmgstgaccount23.file.core.windows.net/",
            "primary_file_host": "kpmgstgaccount23.file.core.windows.net",
            "primary_location": "eastus",
            "primary_queue_endpoint": "https://kpmgstgaccount23.queue.core.windows.net/",
            "primary_queue_host": "kpmgstgaccount23.queue.core.windows.net",
            "primary_table_endpoint": "https://kpmgstgaccount23.table.core.windows.net/",
            "primary_table_host": "kpmgstgaccount23.table.core.windows.net",
            "primary_web_endpoint": "https://kpmgstgaccount23.z13.web.core.windows.net/",
            "primary_web_host": "kpmgstgaccount23.z13.web.core.windows.net",
            "queue_properties": [
              {
                "cors_rule": [],
                "hour_metrics": [
                  {
                    "enabled": true,
                    "include_apis": true,
                    "retention_policy_days": 7,
                    "version": "1.0"
                  }
                ],
                "logging": [
                  {
                    "delete": false,
                    "read": false,
                    "retention_policy_days": 0,
                    "version": "1.0",
                    "write": false
                  }
                ],
                "minute_metrics": [
                  {
                    "enabled": false,
                    "include_apis": false,
                    "retention_policy_days": 0,
                    "version": "1.0"
                  }
                ]
              }
            ],
            "resource_group_name": "kpmg-rg",
            "routing": [],
            "secondary_access_key": "uKAm58Mv6jq0Zb3+WMHLaPRPPS811OZAyPOEK5ZnkWnfUnqzTt3t4RcvWqPn8xej/jjzNhXkCNMk+AStSoxW2w==",
            "secondary_blob_connection_string": "",
            "secondary_blob_endpoint": null,
            "secondary_blob_host": null,
            "secondary_connection_string": "DefaultEndpointsProtocol=https;AccountName=kpmgstgaccount23;AccountKey=uKAm58Mv6jq0Zb3+WMHLaPRPPS811OZAyPOEK5ZnkWnfUnqzTt3t4RcvWqPn8xej/jjzNhXkCNMk+AStSoxW2w==;EndpointSuffix=core.windows.net",
            "secondary_dfs_endpoint": null,
            "secondary_dfs_host": null,
            "secondary_file_endpoint": null,
            "secondary_file_host": null,
            "secondary_location": "westus",
            "secondary_queue_endpoint": null,
            "secondary_queue_host": null,
            "secondary_table_endpoint": null,
            "secondary_table_host": null,
            "secondary_web_endpoint": null,
            "secondary_web_host": null,
            "share_properties": [
              {
                "cors_rule": [],
                "retention_policy": [
                  {
                    "days": 7
                  }
                ],
                "smb": []
              }
            ],
            "shared_access_key_enabled": true,
            "static_website": [],
            "tags": null,
            "timeouts": null
          },
          "sensitive_attributes": [],
          "private": "eyJlMmJmYjczMC1lY2FhLTExZTYtOGY4OC0zNDM2M2JjN2M0YzAiOnsiY3JlYXRlIjozNjAwMDAwMDAwMDAwLCJkZWxldGUiOjM2MDAwMDAwMDAwMDAsInJlYWQiOjMwMDAwMDAwMDAwMCwidXBkYXRlIjozNjAwMDAwMDAwMDAwfSwic2NoZW1hX3ZlcnNpb24iOiIyIn0=",
          "dependencies": [
            "azurerm_resource_group.rg",
            "azurerm_subnet.app_subnet",
            "azurerm_virtual_network.vnet"
          ]
        }
      ]
    },
    {
      "mode": "managed",
      "type": "azurerm_subnet",
      "name": "app_subnet",
      "provider": "provider[\"registry.terraform.io/hashicorp/azurerm\"]",
      "instances": [
        {
          "schema_version": 0,
          "attributes": {
            "address_prefix": "10.0.2.0/24",
            "address_prefixes": [
              "10.0.2.0/24"
            ],
            "delegation": [],
            "enforce_private_link_endpoint_network_policies": false,
            "enforce_private_link_service_network_policies": false,
            "id": "/subscriptions/dec122eb-e45f-48a6-b626-342e4ef2d975/resourceGroups/kpmg-rg/providers/Microsoft.Network/virtualNetworks/kpmg-virtual-network/subnets/app-subnet",
            "name": "app-subnet",
            "resource_group_name": "kpmg-rg",
            "service_endpoint_policy_ids": null,
            "service_endpoints": [
              "Microsoft.Storage"
            ],
            "timeouts": null,
            "virtual_network_name": "kpmg-virtual-network"
          },
          "sensitive_attributes": [],
          "private": "eyJlMmJmYjczMC1lY2FhLTExZTYtOGY4OC0zNDM2M2JjN2M0YzAiOnsiY3JlYXRlIjoxODAwMDAwMDAwMDAwLCJkZWxldGUiOjE4MDAwMDAwMDAwMDAsInJlYWQiOjMwMDAwMDAwMDAwMCwidXBkYXRlIjoxODAwMDAwMDAwMDAwfX0=",
          "dependencies": [
            "azurerm_resource_group.rg",
            "azurerm_virtual_network.vnet"
          ]
        }
      ]
    },
    {
      "mode": "managed",
      "type": "azurerm_subnet",
      "name": "db_subnet",
      "provider": "provider[\"registry.terraform.io/hashicorp/azurerm\"]",
      "instances": [
        {
          "schema_version": 0,
          "attributes": {
            "address_prefix": "10.0.3.0/24",
            "address_prefixes": [
              "10.0.3.0/24"
            ],
            "delegation": [],
            "enforce_private_link_endpoint_network_policies": false,
            "enforce_private_link_service_network_policies": false,
            "id": "/subscriptions/dec122eb-e45f-48a6-b626-342e4ef2d975/resourceGroups/kpmg-rg/providers/Microsoft.Network/virtualNetworks/kpmg-virtual-network/subnets/db-subnet",
            "name": "db-subnet",
            "resource_group_name": "kpmg-rg",
            "service_endpoint_policy_ids": null,
            "service_endpoints": [
              "Microsoft.Storage"
            ],
            "timeouts": null,
            "virtual_network_name": "kpmg-virtual-network"
          },
          "sensitive_attributes": [],
          "private": "eyJlMmJmYjczMC1lY2FhLTExZTYtOGY4OC0zNDM2M2JjN2M0YzAiOnsiY3JlYXRlIjoxODAwMDAwMDAwMDAwLCJkZWxldGUiOjE4MDAwMDAwMDAwMDAsInJlYWQiOjMwMDAwMDAwMDAwMCwidXBkYXRlIjoxODAwMDAwMDAwMDAwfX0=",
          "dependencies": [
            "azurerm_resource_group.rg",
            "azurerm_virtual_network.vnet"
          ]
        }
      ]
    },
    {
      "mode": "managed",
      "type": "azurerm_subnet",
      "name": "web_subnet",
      "provider": "provider[\"registry.terraform.io/hashicorp/azurerm\"]",
      "instances": [
        {
          "schema_version": 0,
          "attributes": {
            "address_prefix": "10.0.6.0/24",
            "address_prefixes": [
              "10.0.6.0/24"
            ],
            "delegation": [],
            "enforce_private_link_endpoint_network_policies": false,
            "enforce_private_link_service_network_policies": false,
            "id": "/subscriptions/dec122eb-e45f-48a6-b626-342e4ef2d975/resourceGroups/kpmg-rg/providers/Microsoft.Network/virtualNetworks/kpmg-virtual-network/subnets/web-subnet",
            "name": "web-subnet",
            "resource_group_name": "kpmg-rg",
            "service_endpoint_policy_ids": null,
            "service_endpoints": [
              "Microsoft.Storage"
            ],
            "timeouts": null,
            "virtual_network_name": "kpmg-virtual-network"
          },
          "sensitive_attributes": [],
          "private": "eyJlMmJmYjczMC1lY2FhLTExZTYtOGY4OC0zNDM2M2JjN2M0YzAiOnsiY3JlYXRlIjoxODAwMDAwMDAwMDAwLCJkZWxldGUiOjE4MDAwMDAwMDAwMDAsInJlYWQiOjMwMDAwMDAwMDAwMCwidXBkYXRlIjoxODAwMDAwMDAwMDAwfX0=",
          "dependencies": [
            "azurerm_resource_group.rg",
            "azurerm_virtual_network.vnet"
          ]
        }
      ]
    },
    {
      "mode": "managed",
      "type": "azurerm_subnet_service_endpoint_storage_policy",
      "name": "service_enpoints",
      "provider": "provider[\"registry.terraform.io/hashicorp/azurerm\"]",
      "instances": [
        {
          "schema_version": 0,
          "attributes": {
            "definition": [],
            "id": "/subscriptions/dec122eb-e45f-48a6-b626-342e4ef2d975/resourceGroups/kpmg-rg/providers/Microsoft.Network/serviceEndpointPolicies/serviceendpoint-policy",
            "location": "eastus",
            "name": "serviceendpoint-policy",
            "resource_group_name": "kpmg-rg",
            "tags": null,
            "timeouts": null
          },
          "sensitive_attributes": [],
          "private": "eyJlMmJmYjczMC1lY2FhLTExZTYtOGY4OC0zNDM2M2JjN2M0YzAiOnsiY3JlYXRlIjoxODAwMDAwMDAwMDAwLCJkZWxldGUiOjE4MDAwMDAwMDAwMDAsInJlYWQiOjMwMDAwMDAwMDAwMCwidXBkYXRlIjoxODAwMDAwMDAwMDAwfX0=",
          "dependencies": [
            "azurerm_resource_group.rg"
          ]
        }
      ]
    },
    {
      "mode": "managed",
      "type": "azurerm_virtual_machine",
      "name": "app_instances",
      "provider": "provider[\"registry.terraform.io/hashicorp/azurerm\"]",
      "instances": [
        {
          "index_key": 0,
          "schema_version": 0,
          "attributes": {
            "additional_capabilities": [],
            "availability_set_id": null,
            "boot_diagnostics": [],
            "delete_data_disks_on_termination": false,
            "delete_os_disk_on_termination": false,
            "id": "/subscriptions/dec122eb-e45f-48a6-b626-342e4ef2d975/resourceGroups/kpmg-rg/providers/Microsoft.Compute/virtualMachines/app-vm",
            "identity": [],
            "license_type": null,
            "location": "eastus",
            "name": "app-vm",
            "network_interface_ids": [
              "/subscriptions/dec122eb-e45f-48a6-b626-342e4ef2d975/resourceGroups/kpmg-rg/providers/Microsoft.Network/networkInterfaces/app-nic"
            ],
            "os_profile": [
              {
                "admin_password": "",
                "admin_username": "appadmin",
                "computer_name": "kpmg-app",
                "custom_data": ""
              }
            ],
            "os_profile_linux_config": [
              {
                "disable_password_authentication": false,
                "ssh_keys": []
              }
            ],
            "os_profile_secrets": [],
            "os_profile_windows_config": [],
            "plan": [],
            "primary_network_interface_id": null,
            "proximity_placement_group_id": null,
            "resource_group_name": "kpmg-rg",
            "storage_data_disk": [],
            "storage_image_reference": [
              {
                "id": "",
                "offer": "UbuntuServer",
                "publisher": "Canonical",
                "sku": "16.04-LTS",
                "version": "latest"
              }
            ],
            "storage_os_disk": [
              {
                "caching": "ReadWrite",
                "create_option": "FromImage",
                "disk_size_gb": 30,
                "image_uri": "",
                "managed_disk_id": "/subscriptions/dec122eb-e45f-48a6-b626-342e4ef2d975/resourceGroups/kpmg-rg/providers/Microsoft.Compute/disks/apposdisk",
                "managed_disk_type": "Standard_LRS",
                "name": "apposdisk",
                "os_type": "Linux",
                "vhd_uri": "",
                "write_accelerator_enabled": false
              }
            ],
            "tags": {
              "environment": "staging"
            },
            "timeouts": null,
            "vm_size": "Standard_B1s",
            "zones": null
          },
          "sensitive_attributes": [],
          "private": "eyJlMmJmYjczMC1lY2FhLTExZTYtOGY4OC0zNDM2M2JjN2M0YzAiOnsiY3JlYXRlIjozNjAwMDAwMDAwMDAwLCJkZWxldGUiOjM2MDAwMDAwMDAwMDAsInJlYWQiOjMwMDAwMDAwMDAwMCwidXBkYXRlIjozNjAwMDAwMDAwMDAwfX0=",
          "dependencies": [
            "azurerm_network_interface.app_nic",
            "azurerm_resource_group.rg",
            "azurerm_subnet.app_subnet",
            "azurerm_virtual_network.vnet"
          ]
        },
        {
          "index_key": 1,
          "schema_version": 0,
          "attributes": {
            "additional_capabilities": [],
            "availability_set_id": null,
            "boot_diagnostics": [],
            "delete_data_disks_on_termination": false,
            "delete_os_disk_on_termination": false,
            "id": "/subscriptions/dec122eb-e45f-48a6-b626-342e4ef2d975/resourceGroups/kpmg-rg/providers/Microsoft.Compute/virtualMachines/app-vm",
            "identity": [],
            "license_type": null,
            "location": "eastus",
            "name": "app-vm",
            "network_interface_ids": [
              "/subscriptions/dec122eb-e45f-48a6-b626-342e4ef2d975/resourceGroups/kpmg-rg/providers/Microsoft.Network/networkInterfaces/app-nic"
            ],
            "os_profile": [
              {
                "admin_password": "",
                "admin_username": "appadmin",
                "computer_name": "kpmg-app",
                "custom_data": ""
              }
            ],
            "os_profile_linux_config": [
              {
                "disable_password_authentication": false,
                "ssh_keys": []
              }
            ],
            "os_profile_secrets": [],
            "os_profile_windows_config": [],
            "plan": [],
            "primary_network_interface_id": null,
            "proximity_placement_group_id": null,
            "resource_group_name": "kpmg-rg",
            "storage_data_disk": [],
            "storage_image_reference": [
              {
                "id": "",
                "offer": "UbuntuServer",
                "publisher": "Canonical",
                "sku": "16.04-LTS",
                "version": "latest"
              }
            ],
            "storage_os_disk": [
              {
                "caching": "ReadWrite",
                "create_option": "FromImage",
                "disk_size_gb": 30,
                "image_uri": "",
                "managed_disk_id": "/subscriptions/dec122eb-e45f-48a6-b626-342e4ef2d975/resourceGroups/kpmg-rg/providers/Microsoft.Compute/disks/apposdisk",
                "managed_disk_type": "Standard_LRS",
                "name": "apposdisk",
                "os_type": "Linux",
                "vhd_uri": "",
                "write_accelerator_enabled": false
              }
            ],
            "tags": {
              "environment": "staging"
            },
            "timeouts": null,
            "vm_size": "Standard_B1s",
            "zones": null
          },
          "sensitive_attributes": [],
          "private": "eyJlMmJmYjczMC1lY2FhLTExZTYtOGY4OC0zNDM2M2JjN2M0YzAiOnsiY3JlYXRlIjozNjAwMDAwMDAwMDAwLCJkZWxldGUiOjM2MDAwMDAwMDAwMDAsInJlYWQiOjMwMDAwMDAwMDAwMCwidXBkYXRlIjozNjAwMDAwMDAwMDAwfX0=",
          "dependencies": [
            "azurerm_network_interface.app_nic",
            "azurerm_resource_group.rg",
            "azurerm_subnet.app_subnet",
            "azurerm_virtual_network.vnet"
          ]
        }
      ]
    },
    {
      "mode": "managed",
      "type": "azurerm_virtual_machine",
      "name": "web_instances",
      "provider": "provider[\"registry.terraform.io/hashicorp/azurerm\"]",
      "instances": [
        {
          "index_key": 0,
          "schema_version": 0,
          "attributes": {
            "additional_capabilities": [],
            "availability_set_id": null,
            "boot_diagnostics": [],
            "delete_data_disks_on_termination": false,
            "delete_os_disk_on_termination": false,
            "id": "/subscriptions/dec122eb-e45f-48a6-b626-342e4ef2d975/resourceGroups/kpmg-rg/providers/Microsoft.Compute/virtualMachines/web-vm",
            "identity": [],
            "license_type": null,
            "location": "eastus",
            "name": "web-vm",
            "network_interface_ids": [
              "/subscriptions/dec122eb-e45f-48a6-b626-342e4ef2d975/resourceGroups/kpmg-rg/providers/Microsoft.Network/networkInterfaces/web-nic"
            ],
            "os_profile": [
              {
                "admin_password": "",
                "admin_username": "webadmin",
                "computer_name": "kpmg-web",
                "custom_data": ""
              }
            ],
            "os_profile_linux_config": [
              {
                "disable_password_authentication": false,
                "ssh_keys": []
              }
            ],
            "os_profile_secrets": [],
            "os_profile_windows_config": [],
            "plan": [],
            "primary_network_interface_id": null,
            "proximity_placement_group_id": null,
            "resource_group_name": "kpmg-rg",
            "storage_data_disk": [],
            "storage_image_reference": [
              {
                "id": "",
                "offer": "UbuntuServer",
                "publisher": "Canonical",
                "sku": "16.04-LTS",
                "version": "latest"
              }
            ],
            "storage_os_disk": [
              {
                "caching": "ReadWrite",
                "create_option": "FromImage",
                "disk_size_gb": 30,
                "image_uri": "",
                "managed_disk_id": "/subscriptions/dec122eb-e45f-48a6-b626-342e4ef2d975/resourceGroups/kpmg-rg/providers/Microsoft.Compute/disks/webosdisk",
                "managed_disk_type": "Standard_LRS",
                "name": "webosdisk",
                "os_type": "Linux",
                "vhd_uri": "",
                "write_accelerator_enabled": false
              }
            ],
            "tags": {
              "environment": "staging"
            },
            "timeouts": null,
            "vm_size": "Standard_B1s",
            "zones": null
          },
          "sensitive_attributes": [],
          "private": "eyJlMmJmYjczMC1lY2FhLTExZTYtOGY4OC0zNDM2M2JjN2M0YzAiOnsiY3JlYXRlIjozNjAwMDAwMDAwMDAwLCJkZWxldGUiOjM2MDAwMDAwMDAwMDAsInJlYWQiOjMwMDAwMDAwMDAwMCwidXBkYXRlIjozNjAwMDAwMDAwMDAwfX0=",
          "dependencies": [
            "azurerm_network_interface.web_nic",
            "azurerm_resource_group.rg",
            "azurerm_subnet.web_subnet",
            "azurerm_virtual_network.vnet"
          ]
        },
        {
          "index_key": 1,
          "schema_version": 0,
          "attributes": {
            "additional_capabilities": [],
            "availability_set_id": null,
            "boot_diagnostics": [],
            "delete_data_disks_on_termination": false,
            "delete_os_disk_on_termination": false,
            "id": "/subscriptions/dec122eb-e45f-48a6-b626-342e4ef2d975/resourceGroups/kpmg-rg/providers/Microsoft.Compute/virtualMachines/web-vm",
            "identity": [],
            "license_type": null,
            "location": "eastus",
            "name": "web-vm",
            "network_interface_ids": [
              "/subscriptions/dec122eb-e45f-48a6-b626-342e4ef2d975/resourceGroups/kpmg-rg/providers/Microsoft.Network/networkInterfaces/web-nic"
            ],
            "os_profile": [
              {
                "admin_password": "",
                "admin_username": "webadmin",
                "computer_name": "kpmg-web",
                "custom_data": ""
              }
            ],
            "os_profile_linux_config": [
              {
                "disable_password_authentication": false,
                "ssh_keys": []
              }
            ],
            "os_profile_secrets": [],
            "os_profile_windows_config": [],
            "plan": [],
            "primary_network_interface_id": null,
            "proximity_placement_group_id": null,
            "resource_group_name": "kpmg-rg",
            "storage_data_disk": [],
            "storage_image_reference": [
              {
                "id": "",
                "offer": "UbuntuServer",
                "publisher": "Canonical",
                "sku": "16.04-LTS",
                "version": "latest"
              }
            ],
            "storage_os_disk": [
              {
                "caching": "ReadWrite",
                "create_option": "FromImage",
                "disk_size_gb": 30,
                "image_uri": "",
                "managed_disk_id": "/subscriptions/dec122eb-e45f-48a6-b626-342e4ef2d975/resourceGroups/kpmg-rg/providers/Microsoft.Compute/disks/webosdisk",
                "managed_disk_type": "Standard_LRS",
                "name": "webosdisk",
                "os_type": "Linux",
                "vhd_uri": "",
                "write_accelerator_enabled": false
              }
            ],
            "tags": {
              "environment": "staging"
            },
            "timeouts": null,
            "vm_size": "Standard_B1s",
            "zones": null
          },
          "sensitive_attributes": [],
          "private": "eyJlMmJmYjczMC1lY2FhLTExZTYtOGY4OC0zNDM2M2JjN2M0YzAiOnsiY3JlYXRlIjozNjAwMDAwMDAwMDAwLCJkZWxldGUiOjM2MDAwMDAwMDAwMDAsInJlYWQiOjMwMDAwMDAwMDAwMCwidXBkYXRlIjozNjAwMDAwMDAwMDAwfX0=",
          "dependencies": [
            "azurerm_network_interface.web_nic",
            "azurerm_resource_group.rg",
            "azurerm_subnet.web_subnet",
            "azurerm_virtual_network.vnet"
          ]
        }
      ]
    },
    {
      "mode": "managed",
      "type": "azurerm_virtual_machine_extension",
      "name": "app_db_extension",
      "provider": "provider[\"registry.terraform.io/hashicorp/azurerm\"]",
      "instances": [
        {
          "schema_version": 0,
          "attributes": {
            "auto_upgrade_minor_version": false,
            "id": "/subscriptions/dec122eb-e45f-48a6-b626-342e4ef2d975/resourceGroups/kpmg-rg/providers/Microsoft.Compute/virtualMachines/app-vm/extensions/app-db-extension",
            "name": "app-db-extension",
            "protected_settings": null,
            "publisher": "Microsoft.Azure.Extensions",
            "settings": "{\"commandToExecute\":\"hostname \\u0026\\u0026 uptime\"}",
            "tags": {
              "environment": "Production"
            },
            "timeouts": null,
            "type": "CustomScript",
            "type_handler_version": "2.0",
            "virtual_machine_id": "/subscriptions/dec122eb-e45f-48a6-b626-342e4ef2d975/resourceGroups/kpmg-rg/providers/Microsoft.Compute/virtualMachines/app-vm"
          },
          "sensitive_attributes": [],
          "private": "eyJlMmJmYjczMC1lY2FhLTExZTYtOGY4OC0zNDM2M2JjN2M0YzAiOnsiY3JlYXRlIjoxODAwMDAwMDAwMDAwLCJkZWxldGUiOjE4MDAwMDAwMDAwMDAsInJlYWQiOjMwMDAwMDAwMDAwMCwidXBkYXRlIjoxODAwMDAwMDAwMDAwfX0=",
          "dependencies": [
            "azurerm_network_interface.app_nic",
            "azurerm_resource_group.rg",
            "azurerm_subnet.app_subnet",
            "azurerm_virtual_machine.app_instances",
            "azurerm_virtual_network.vnet"
          ]
        }
      ]
    },
    {
      "mode": "managed",
      "type": "azurerm_virtual_network",
      "name": "vnet",
      "provider": "provider[\"registry.terraform.io/hashicorp/azurerm\"]",
      "instances": [
        {
          "schema_version": 0,
          "attributes": {
            "address_space": [
              "10.0.0.0/16"
            ],
            "bgp_community": "",
            "ddos_protection_plan": [],
            "dns_servers": [],
            "guid": "b0850c87-cec5-4c27-b9b4-c3a5f900bb18",
            "id": "/subscriptions/dec122eb-e45f-48a6-b626-342e4ef2d975/resourceGroups/kpmg-rg/providers/Microsoft.Network/virtualNetworks/kpmg-virtual-network",
            "location": "eastus",
            "name": "kpmg-virtual-network",
            "resource_group_name": "kpmg-rg",
            "subnet": [],
            "tags": null,
            "timeouts": null,
            "vm_protection_enabled": false
          },
          "sensitive_attributes": [],
          "private": "eyJlMmJmYjczMC1lY2FhLTExZTYtOGY4OC0zNDM2M2JjN2M0YzAiOnsiY3JlYXRlIjoxODAwMDAwMDAwMDAwLCJkZWxldGUiOjE4MDAwMDAwMDAwMDAsInJlYWQiOjMwMDAwMDAwMDAwMCwidXBkYXRlIjoxODAwMDAwMDAwMDAwfX0=",
          "dependencies": [
            "azurerm_resource_group.rg"
          ]
        }
      ]
    }
  ],
  "check_results": null
}
